
Microsoft Visual Studio Solution File, Format Version 12.00
# Visual Studio Version 17
VisualStudioVersion = 17.14.36203.30
MinimumVisualStudioVersion = 10.0.40219.1
Project("{FAE04EC0-301F-11D3-BF4B-00C04F79EFBC}") = "Build", "build\Build.csproj", "{ED00E2CD-0671-4289-AEB2-C868EF3E3F8D}"
EndProject
Project("{FAE04EC0-301F-11D3-BF4B-00C04F79EFBC}") = "Installer", "install\Installer.csproj", "{59C325CC-DD99-4F38-8900-8E2FF8FA594C}"
EndProject
Project("{FAE04EC0-301F-11D3-BF4B-00C04F79EFBC}") = "RevitZoomIt", "RevitZoomIt\RevitZoomIt.csproj", "{096FEB1B-2039-44CB-A94C-B4C9F4ED1FF3}"
EndProject
Global
	GlobalSection(SolutionConfigurationPlatforms) = preSolution
		Debug R20|Any CPU = Debug R20|Any CPU
		Debug R21|Any CPU = Debug R21|Any CPU
		Debug R22|Any CPU = Debug R22|Any CPU
		Debug R23|Any CPU = Debug R23|Any CPU
		Debug R24|Any CPU = Debug R24|Any CPU
		Debug R25|Any CPU = Debug R25|Any CPU
		Installer|Any CPU = Installer|Any CPU
		Release R20|Any CPU = Release R20|Any CPU
		Release R21|Any CPU = Release R21|Any CPU
		Release R22|Any CPU = Release R22|Any CPU
		Release R23|Any CPU = Release R23|Any CPU
		Release R24|Any CPU = Release R24|Any CPU
		Release R25|Any CPU = Release R25|Any CPU
	EndGlobalSection
	GlobalSection(ProjectConfigurationPlatforms) = postSolution
		{ED00E2CD-0671-4289-AEB2-C868EF3E3F8D}.Debug R20|Any CPU.ActiveCfg = Debug|Any CPU
		{ED00E2CD-0671-4289-AEB2-C868EF3E3F8D}.Debug R21|Any CPU.ActiveCfg = Debug|Any CPU
		{ED00E2CD-0671-4289-AEB2-C868EF3E3F8D}.Debug R22|Any CPU.ActiveCfg = Debug|Any CPU
		{ED00E2CD-0671-4289-AEB2-C868EF3E3F8D}.Debug R23|Any CPU.ActiveCfg = Debug|Any CPU
		{ED00E2CD-0671-4289-AEB2-C868EF3E3F8D}.Debug R24|Any CPU.ActiveCfg = Debug|Any CPU
		{ED00E2CD-0671-4289-AEB2-C868EF3E3F8D}.Debug R25|Any CPU.ActiveCfg = Debug|Any CPU
		{ED00E2CD-0671-4289-AEB2-C868EF3E3F8D}.Installer|Any CPU.ActiveCfg = Release|Any CPU
		{ED00E2CD-0671-4289-AEB2-C868EF3E3F8D}.Release R20|Any CPU.ActiveCfg = Release|Any CPU
		{ED00E2CD-0671-4289-AEB2-C868EF3E3F8D}.Release R21|Any CPU.ActiveCfg = Release|Any CPU
		{ED00E2CD-0671-4289-AEB2-C868EF3E3F8D}.Release R22|Any CPU.ActiveCfg = Release|Any CPU
		{ED00E2CD-0671-4289-AEB2-C868EF3E3F8D}.Release R23|Any CPU.ActiveCfg = Release|Any CPU
		{ED00E2CD-0671-4289-AEB2-C868EF3E3F8D}.Release R24|Any CPU.ActiveCfg = Release|Any CPU
		{ED00E2CD-0671-4289-AEB2-C868EF3E3F8D}.Release R25|Any CPU.ActiveCfg = Release|Any CPU
		{59C325CC-DD99-4F38-8900-8E2FF8FA594C}.Debug R20|Any CPU.ActiveCfg = Debug|Any CPU
		{59C325CC-DD99-4F38-8900-8E2FF8FA594C}.Debug R21|Any CPU.ActiveCfg = Debug|Any CPU
		{59C325CC-DD99-4F38-8900-8E2FF8FA594C}.Debug R22|Any CPU.ActiveCfg = Debug|Any CPU
		{59C325CC-DD99-4F38-8900-8E2FF8FA594C}.Debug R23|Any CPU.ActiveCfg = Debug|Any CPU
		{59C325CC-DD99-4F38-8900-8E2FF8FA594C}.Debug R24|Any CPU.ActiveCfg = Debug|Any CPU
		{59C325CC-DD99-4F38-8900-8E2FF8FA594C}.Debug R25|Any CPU.ActiveCfg = Debug|Any CPU
		{59C325CC-DD99-4F38-8900-8E2FF8FA594C}.Installer|Any CPU.ActiveCfg = Release|Any CPU
		{59C325CC-DD99-4F38-8900-8E2FF8FA594C}.Installer|Any CPU.Build.0 = Release|Any CPU
		{59C325CC-DD99-4F38-8900-8E2FF8FA594C}.Release R20|Any CPU.ActiveCfg = Release|Any CPU
		{59C325CC-DD99-4F38-8900-8E2FF8FA594C}.Release R21|Any CPU.ActiveCfg = Release|Any CPU
		{59C325CC-DD99-4F38-8900-8E2FF8FA594C}.Release R22|Any CPU.ActiveCfg = Release|Any CPU
		{59C325CC-DD99-4F38-8900-8E2FF8FA594C}.Release R23|Any CPU.ActiveCfg = Release|Any CPU
		{59C325CC-DD99-4F38-8900-8E2FF8FA594C}.Release R24|Any CPU.ActiveCfg = Release|Any CPU
		{59C325CC-DD99-4F38-8900-8E2FF8FA594C}.Release R25|Any CPU.ActiveCfg = Release|Any CPU
		{096FEB1B-2039-44CB-A94C-B4C9F4ED1FF3}.Debug R20|Any CPU.ActiveCfg = Debug R20|Any CPU
		{096FEB1B-2039-44CB-A94C-B4C9F4ED1FF3}.Debug R20|Any CPU.Build.0 = Debug R20|Any CPU
		{096FEB1B-2039-44CB-A94C-B4C9F4ED1FF3}.Debug R21|Any CPU.ActiveCfg = Debug R21|Any CPU
		{096FEB1B-2039-44CB-A94C-B4C9F4ED1FF3}.Debug R21|Any CPU.Build.0 = Debug R21|Any CPU
		{096FEB1B-2039-44CB-A94C-B4C9F4ED1FF3}.Debug R22|Any CPU.ActiveCfg = Debug R22|Any CPU
		{096FEB1B-2039-44CB-A94C-B4C9F4ED1FF3}.Debug R22|Any CPU.Build.0 = Debug R22|Any CPU
		{096FEB1B-2039-44CB-A94C-B4C9F4ED1FF3}.Debug R23|Any CPU.ActiveCfg = Debug R23|Any CPU
		{096FEB1B-2039-44CB-A94C-B4C9F4ED1FF3}.Debug R23|Any CPU.Build.0 = Debug R23|Any CPU
		{096FEB1B-2039-44CB-A94C-B4C9F4ED1FF3}.Debug R24|Any CPU.ActiveCfg = Debug R24|Any CPU
		{096FEB1B-2039-44CB-A94C-B4C9F4ED1FF3}.Debug R24|Any CPU.Build.0 = Debug R24|Any CPU
		{096FEB1B-2039-44CB-A94C-B4C9F4ED1FF3}.Debug R25|Any CPU.ActiveCfg = Debug R25|Any CPU
		{096FEB1B-2039-44CB-A94C-B4C9F4ED1FF3}.Debug R25|Any CPU.Build.0 = Debug R25|Any CPU
		{096FEB1B-2039-44CB-A94C-B4C9F4ED1FF3}.Installer|Any CPU.ActiveCfg = Debug R20|Any CPU
		{096FEB1B-2039-44CB-A94C-B4C9F4ED1FF3}.Installer|Any CPU.Build.0 = Debug R20|Any CPU
		{096FEB1B-2039-44CB-A94C-B4C9F4ED1FF3}.Release R20|Any CPU.ActiveCfg = Release R20|Any CPU
		{096FEB1B-2039-44CB-A94C-B4C9F4ED1FF3}.Release R20|Any CPU.Build.0 = Release R20|Any CPU
		{096FEB1B-2039-44CB-A94C-B4C9F4ED1FF3}.Release R21|Any CPU.ActiveCfg = Release R21|Any CPU
		{096FEB1B-2039-44CB-A94C-B4C9F4ED1FF3}.Release R21|Any CPU.Build.0 = Release R21|Any CPU
		{096FEB1B-2039-44CB-A94C-B4C9F4ED1FF3}.Release R22|Any CPU.ActiveCfg = Release R22|Any CPU
		{096FEB1B-2039-44CB-A94C-B4C9F4ED1FF3}.Release R22|Any CPU.Build.0 = Release R22|Any CPU
		{096FEB1B-2039-44CB-A94C-B4C9F4ED1FF3}.Release R23|Any CPU.ActiveCfg = Release R23|Any CPU
		{096FEB1B-2039-44CB-A94C-B4C9F4ED1FF3}.Release R23|Any CPU.Build.0 = Release R23|Any CPU
		{096FEB1B-2039-44CB-A94C-B4C9F4ED1FF3}.Release R24|Any CPU.ActiveCfg = Release R24|Any CPU
		{096FEB1B-2039-44CB-A94C-B4C9F4ED1FF3}.Release R24|Any CPU.Build.0 = Release R24|Any CPU
		{096FEB1B-2039-44CB-A94C-B4C9F4ED1FF3}.Release R25|Any CPU.ActiveCfg = Release R25|Any CPU
		{096FEB1B-2039-44CB-A94C-B4C9F4ED1FF3}.Release R25|Any CPU.Build.0 = Release R25|Any CPU
	EndGlobalSection
	GlobalSection(SolutionProperties) = preSolution
		HideSolutionNode = FALSE
	EndGlobalSection
	GlobalSection(ExtensibilityGlobals) = postSolution
		SolutionGuid = {AD8CF016-F67C-481B-AC5A-58C8CC301ED9}
	EndGlobalSection
EndGlobal
